
Microsoft Visual Studio Solution File, Format Version 12.00
# Visual Studio 15
VisualStudioVersion = 15.0.27703.2035
MinimumVisualStudioVersion = 10.0.40219.1
Project("{FAE04EC0-301F-11D3-BF4B-00C04F79EFBC}") = "MyBridgePattern", "MyBridgePattern\MyBridgePattern.csproj", "{B68CF5D7-B7CE-4314-BF83-B36DB2A2652D}"
EndProject
Global
	GlobalSection(SolutionConfigurationPlatforms) = preSolution
		Debug|Any CPU = Debug|Any CPU
		Release|Any CPU = Release|Any CPU
	EndGlobalSection
	GlobalSection(ProjectConfigurationPlatforms) = postSolution
		{B68CF5D7-B7CE-4314-BF83-B36DB2A2652D}.Debug|Any CPU.ActiveCfg = Debug|Any CPU
		{B68CF5D7-B7CE-4314-BF83-B36DB2A2652D}.Debug|Any CPU.Build.0 = Debug|Any CPU
		{B68CF5D7-B7CE-4314-BF83-B36DB2A2652D}.Release|Any CPU.ActiveCfg = Release|Any CPU
		{B68CF5D7-B7CE-4314-BF83-B36DB2A2652D}.Release|Any CPU.Build.0 = Release|Any CPU
	EndGlobalSection
	GlobalSection(SolutionProperties) = preSolution
		HideSolutionNode = FALSE
	EndGlobalSection
	GlobalSection(ExtensibilityGlobals) = postSolution
		SolutionGuid = {A6595B57-843D-4CB3-9547-21B220DF26E9}
	EndGlobalSection
EndGlobal
